// !$*UTF8*$!
{
	archiveVersion = 1;
	classes = {
	};
	objectVersion = 48;
	objects = {

/* Begin PBXBuildFile section */
		102240A11FE78101005AA5F8 /* Assets.xcassets in Resources */ = {isa = PBXBuildFile; fileRef = 102240A01FE78101005AA5F8 /* Assets.xcassets */; };
		102240AF1FE78101005AA5F8 /* RouletteWheelTests.swift in Sources */ = {isa = PBXBuildFile; fileRef = 102240AE1FE78101005AA5F8 /* RouletteWheelTests.swift */; };
		102240BA1FE78101005AA5F8 /* RouletteWheelUITests.swift in Sources */ = {isa = PBXBuildFile; fileRef = 102240B91FE78101005AA5F8 /* RouletteWheelUITests.swift */; };
		102240D31FE7A01B005AA5F8 /* WheelVC.swift in Sources */ = {isa = PBXBuildFile; fileRef = 102240CB1FE7A01B005AA5F8 /* WheelVC.swift */; };
		102240D41FE7A01B005AA5F8 /* AppDelegate.swift in Sources */ = {isa = PBXBuildFile; fileRef = 102240CD1FE7A01B005AA5F8 /* AppDelegate.swift */; };
		102240D61FE7A01B005AA5F8 /* LaunchScreen.storyboard in Resources */ = {isa = PBXBuildFile; fileRef = 102240D11FE7A01B005AA5F8 /* LaunchScreen.storyboard */; };
		102240D71FE7A01B005AA5F8 /* Main.storyboard in Resources */ = {isa = PBXBuildFile; fileRef = 102240D21FE7A01B005AA5F8 /* Main.storyboard */; };
		102240DB1FE7DC04005AA5F8 /* ButtonPiece.swift in Sources */ = {isa = PBXBuildFile; fileRef = 102240DA1FE7DC04005AA5F8 /* ButtonPiece.swift */; };
		102240DD1FE7DC0B005AA5F8 /* ButtonWheel.swift in Sources */ = {isa = PBXBuildFile; fileRef = 102240DC1FE7DC0A005AA5F8 /* ButtonWheel.swift */; };
		102240E01FE7DD07005AA5F8 /* Enums.swift in Sources */ = {isa = PBXBuildFile; fileRef = 102240DE1FE7DD06005AA5F8 /* Enums.swift */; };
		102240E11FE7DD07005AA5F8 /* UsefulExtensions.swift in Sources */ = {isa = PBXBuildFile; fileRef = 102240DF1FE7DD06005AA5F8 /* UsefulExtensions.swift */; };
		102240E51FE7DD2B005AA5F8 /* ButtonViewBuilder.swift in Sources */ = {isa = PBXBuildFile; fileRef = 102240E21FE7DD2B005AA5F8 /* ButtonViewBuilder.swift */; };
		102240E61FE7DD2B005AA5F8 /* VectorHelp.swift in Sources */ = {isa = PBXBuildFile; fileRef = 102240E31FE7DD2B005AA5F8 /* VectorHelp.swift */; };
		102240E71FE7DD2B005AA5F8 /* TouchManagement.swift in Sources */ = {isa = PBXBuildFile; fileRef = 102240E41FE7DD2B005AA5F8 /* TouchManagement.swift */; };
		10BDCF2F1FEA4E1100FA49CF /* CreateWheel.swift in Sources */ = {isa = PBXBuildFile; fileRef = 10BDCF2E1FEA4E1100FA49CF /* CreateWheel.swift */; };
/* End PBXBuildFile section */

/* Begin PBXContainerItemProxy section */
		102240AB1FE78101005AA5F8 /* PBXContainerItemProxy */ = {
			isa = PBXContainerItemProxy;
			containerPortal = 1022408E1FE78100005AA5F8 /* Project object */;
			proxyType = 1;
			remoteGlobalIDString = 102240951FE78101005AA5F8;
			remoteInfo = RouletteWheel;
		};
		102240B61FE78101005AA5F8 /* PBXContainerItemProxy */ = {
			isa = PBXContainerItemProxy;
			containerPortal = 1022408E1FE78100005AA5F8 /* Project object */;
			proxyType = 1;
			remoteGlobalIDString = 102240951FE78101005AA5F8;
			remoteInfo = RouletteWheel;
		};
/* End PBXContainerItemProxy section */

/* Begin PBXFileReference section */
		102240961FE78101005AA5F8 /* RouletteWheelGame.app */ = {isa = PBXFileReference; explicitFileType = wrapper.application; includeInIndex = 0; path = RouletteWheelGame.app; sourceTree = BUILT_PRODUCTS_DIR; };
		102240A01FE78101005AA5F8 /* Assets.xcassets */ = {isa = PBXFileReference; lastKnownFileType = folder.assetcatalog; path = Assets.xcassets; sourceTree = "<group>"; };
		102240A51FE78101005AA5F8 /* Info.plist */ = {isa = PBXFileReference; lastKnownFileType = text.plist.xml; path = Info.plist; sourceTree = "<group>"; };
		102240AA1FE78101005AA5F8 /* RouletteWheelGameTests.xctest */ = {isa = PBXFileReference; explicitFileType = wrapper.cfbundle; includeInIndex = 0; path = RouletteWheelGameTests.xctest; sourceTree = BUILT_PRODUCTS_DIR; };
		102240AE1FE78101005AA5F8 /* RouletteWheelTests.swift */ = {isa = PBXFileReference; lastKnownFileType = sourcecode.swift; path = RouletteWheelTests.swift; sourceTree = "<group>"; };
		102240B01FE78101005AA5F8 /* Info.plist */ = {isa = PBXFileReference; lastKnownFileType = text.plist.xml; path = Info.plist; sourceTree = "<group>"; };
		102240B51FE78101005AA5F8 /* RouletteWheelGameUITests.xctest */ = {isa = PBXFileReference; explicitFileType = wrapper.cfbundle; includeInIndex = 0; path = RouletteWheelGameUITests.xctest; sourceTree = BUILT_PRODUCTS_DIR; };
		102240B91FE78101005AA5F8 /* RouletteWheelUITests.swift */ = {isa = PBXFileReference; lastKnownFileType = sourcecode.swift; path = RouletteWheelUITests.swift; sourceTree = "<group>"; };
		102240BB1FE78101005AA5F8 /* Info.plist */ = {isa = PBXFileReference; lastKnownFileType = text.plist.xml; path = Info.plist; sourceTree = "<group>"; };
		102240CB1FE7A01B005AA5F8 /* WheelVC.swift */ = {isa = PBXFileReference; fileEncoding = 4; lastKnownFileType = sourcecode.swift; path = WheelVC.swift; sourceTree = "<group>"; };
		102240CD1FE7A01B005AA5F8 /* AppDelegate.swift */ = {isa = PBXFileReference; fileEncoding = 4; lastKnownFileType = sourcecode.swift; path = AppDelegate.swift; sourceTree = "<group>"; };
		102240D11FE7A01B005AA5F8 /* LaunchScreen.storyboard */ = {isa = PBXFileReference; fileEncoding = 4; lastKnownFileType = file.storyboard; path = LaunchScreen.storyboard; sourceTree = "<group>"; };
		102240D21FE7A01B005AA5F8 /* Main.storyboard */ = {isa = PBXFileReference; fileEncoding = 4; lastKnownFileType = file.storyboard; path = Main.storyboard; sourceTree = "<group>"; };
		102240DA1FE7DC04005AA5F8 /* ButtonPiece.swift */ = {isa = PBXFileReference; fileEncoding = 4; lastKnownFileType = sourcecode.swift; path = ButtonPiece.swift; sourceTree = "<group>"; };
		102240DC1FE7DC0A005AA5F8 /* ButtonWheel.swift */ = {isa = PBXFileReference; fileEncoding = 4; lastKnownFileType = sourcecode.swift; path = ButtonWheel.swift; sourceTree = "<group>"; };
		102240DE1FE7DD06005AA5F8 /* Enums.swift */ = {isa = PBXFileReference; fileEncoding = 4; lastKnownFileType = sourcecode.swift; path = Enums.swift; sourceTree = "<group>"; };
		102240DF1FE7DD06005AA5F8 /* UsefulExtensions.swift */ = {isa = PBXFileReference; fileEncoding = 4; lastKnownFileType = sourcecode.swift; path = UsefulExtensions.swift; sourceTree = "<group>"; };
		102240E21FE7DD2B005AA5F8 /* ButtonViewBuilder.swift */ = {isa = PBXFileReference; fileEncoding = 4; lastKnownFileType = sourcecode.swift; path = ButtonViewBuilder.swift; sourceTree = "<group>"; };
		102240E31FE7DD2B005AA5F8 /* VectorHelp.swift */ = {isa = PBXFileReference; fileEncoding = 4; lastKnownFileType = sourcecode.swift; path = VectorHelp.swift; sourceTree = "<group>"; };
		102240E41FE7DD2B005AA5F8 /* TouchManagement.swift */ = {isa = PBXFileReference; fileEncoding = 4; lastKnownFileType = sourcecode.swift; path = TouchManagement.swift; sourceTree = "<group>"; };
		10BDCF2E1FEA4E1100FA49CF /* CreateWheel.swift */ = {isa = PBXFileReference; lastKnownFileType = sourcecode.swift; path = CreateWheel.swift; sourceTree = "<group>"; };
/* End PBXFileReference section */

/* Begin PBXFrameworksBuildPhase section */
		102240931FE78101005AA5F8 /* Frameworks */ = {
			isa = PBXFrameworksBuildPhase;
			buildActionMask = 2147483647;
			files = (
			);
			runOnlyForDeploymentPostprocessing = 0;
		};
		102240A71FE78101005AA5F8 /* Frameworks */ = {
			isa = PBXFrameworksBuildPhase;
			buildActionMask = 2147483647;
			files = (
			);
			runOnlyForDeploymentPostprocessing = 0;
		};
		102240B21FE78101005AA5F8 /* Frameworks */ = {
			isa = PBXFrameworksBuildPhase;
			buildActionMask = 2147483647;
			files = (
			);
			runOnlyForDeploymentPostprocessing = 0;
		};
/* End PBXFrameworksBuildPhase section */

/* Begin PBXGroup section */
		1022408D1FE78100005AA5F8 = {
			isa = PBXGroup;
			children = (
				102240981FE78101005AA5F8 /* RouletteWheel */,
				102240AD1FE78101005AA5F8 /* RouletteWheelTests */,
				102240B81FE78101005AA5F8 /* RouletteWheelUITests */,
				102240971FE78101005AA5F8 /* Products */,
			);
			sourceTree = "<group>";
		};
		102240971FE78101005AA5F8 /* Products */ = {
			isa = PBXGroup;
			children = (
				102240961FE78101005AA5F8 /* RouletteWheelGame.app */,
				102240AA1FE78101005AA5F8 /* RouletteWheelGameTests.xctest */,
				102240B51FE78101005AA5F8 /* RouletteWheelGameUITests.xctest */,
			);
			name = Products;
			sourceTree = "<group>";
		};
		102240981FE78101005AA5F8 /* RouletteWheel */ = {
			isa = PBXGroup;
			children = (
				102240CC1FE7A01B005AA5F8 /* AppDelegate */,
				102240CE1FE7A01B005AA5F8 /* Libraries */,
				102240D01FE7A01B005AA5F8 /* StoryBoard */,
				102240CA1FE7A01B005AA5F8 /* WheelControllers */,
				102240A01FE78101005AA5F8 /* Assets.xcassets */,
				102240A51FE78101005AA5F8 /* Info.plist */,
			);
			path = RouletteWheel;
			sourceTree = "<group>";
		};
		102240AD1FE78101005AA5F8 /* RouletteWheelTests */ = {
			isa = PBXGroup;
			children = (
				102240AE1FE78101005AA5F8 /* RouletteWheelTests.swift */,
				102240B01FE78101005AA5F8 /* Info.plist */,
			);
			path = RouletteWheelTests;
			sourceTree = "<group>";
		};
		102240B81FE78101005AA5F8 /* RouletteWheelUITests */ = {
			isa = PBXGroup;
			children = (
				102240B91FE78101005AA5F8 /* RouletteWheelUITests.swift */,
				102240BB1FE78101005AA5F8 /* Info.plist */,
			);
			path = RouletteWheelUITests;
			sourceTree = "<group>";
		};
		102240CA1FE7A01B005AA5F8 /* WheelControllers */ = {
			isa = PBXGroup;
			children = (
				102240CB1FE7A01B005AA5F8 /* WheelVC.swift */,
				10BDCF2E1FEA4E1100FA49CF /* CreateWheel.swift */,
			);
			path = WheelControllers;
			sourceTree = "<group>";
		};
		102240CC1FE7A01B005AA5F8 /* AppDelegate */ = {
			isa = PBXGroup;
			children = (
				102240CD1FE7A01B005AA5F8 /* AppDelegate.swift */,
			);
			path = AppDelegate;
			sourceTree = "<group>";
		};
		102240CE1FE7A01B005AA5F8 /* Libraries */ = {
			isa = PBXGroup;
			children = (
				102240E21FE7DD2B005AA5F8 /* ButtonViewBuilder.swift */,
				102240E41FE7DD2B005AA5F8 /* TouchManagement.swift */,
				102240E31FE7DD2B005AA5F8 /* VectorHelp.swift */,
				102240DE1FE7DD06005AA5F8 /* Enums.swift */,
				102240DF1FE7DD06005AA5F8 /* UsefulExtensions.swift */,
				102240DC1FE7DC0A005AA5F8 /* ButtonWheel.swift */,
				102240DA1FE7DC04005AA5F8 /* ButtonPiece.swift */,
			);
			path = Libraries;
			sourceTree = "<group>";
		};
		102240D01FE7A01B005AA5F8 /* StoryBoard */ = {
			isa = PBXGroup;
			children = (
				102240D11FE7A01B005AA5F8 /* LaunchScreen.storyboard */,
				102240D21FE7A01B005AA5F8 /* Main.storyboard */,
			);
			path = StoryBoard;
			sourceTree = "<group>";
		};
/* End PBXGroup section */

/* Begin PBXNativeTarget section */
		102240951FE78101005AA5F8 /* RouletteWheelGame */ = {
			isa = PBXNativeTarget;
			buildConfigurationList = 102240BE1FE78101005AA5F8 /* Build configuration list for PBXNativeTarget "RouletteWheelGame" */;
			buildPhases = (
				102240921FE78101005AA5F8 /* Sources */,
				102240931FE78101005AA5F8 /* Frameworks */,
				102240941FE78101005AA5F8 /* Resources */,
			);
			buildRules = (
			);
			dependencies = (
			);
			name = RouletteWheelGame;
			productName = RouletteWheel;
			productReference = 102240961FE78101005AA5F8 /* RouletteWheelGame.app */;
			productType = "com.apple.product-type.application";
		};
		102240A91FE78101005AA5F8 /* RouletteWheelGameTests */ = {
			isa = PBXNativeTarget;
			buildConfigurationList = 102240C11FE78101005AA5F8 /* Build configuration list for PBXNativeTarget "RouletteWheelGameTests" */;
			buildPhases = (
				102240A61FE78101005AA5F8 /* Sources */,
				102240A71FE78101005AA5F8 /* Frameworks */,
				102240A81FE78101005AA5F8 /* Resources */,
			);
			buildRules = (
			);
			dependencies = (
				102240AC1FE78101005AA5F8 /* PBXTargetDependency */,
			);
			name = RouletteWheelGameTests;
			productName = RouletteWheelTests;
			productReference = 102240AA1FE78101005AA5F8 /* RouletteWheelGameTests.xctest */;
			productType = "com.apple.product-type.bundle.unit-test";
		};
		102240B41FE78101005AA5F8 /* RouletteWheelGameUITests */ = {
			isa = PBXNativeTarget;
			buildConfigurationList = 102240C41FE78101005AA5F8 /* Build configuration list for PBXNativeTarget "RouletteWheelGameUITests" */;
			buildPhases = (
				102240B11FE78101005AA5F8 /* Sources */,
				102240B21FE78101005AA5F8 /* Frameworks */,
				102240B31FE78101005AA5F8 /* Resources */,
			);
			buildRules = (
			);
			dependencies = (
				102240B71FE78101005AA5F8 /* PBXTargetDependency */,
			);
			name = RouletteWheelGameUITests;
			productName = RouletteWheelUITests;
			productReference = 102240B51FE78101005AA5F8 /* RouletteWheelGameUITests.xctest */;
			productType = "com.apple.product-type.bundle.ui-testing";
		};
/* End PBXNativeTarget section */

/* Begin PBXProject section */
		1022408E1FE78100005AA5F8 /* Project object */ = {
			isa = PBXProject;
			attributes = {
				LastSwiftUpdateCheck = 0920;
				LastUpgradeCheck = 0920;
				ORGANIZATIONNAME = OSX;
				TargetAttributes = {
					102240951FE78101005AA5F8 = {
						CreatedOnToolsVersion = 9.2;
						ProvisioningStyle = Automatic;
					};
					102240A91FE78101005AA5F8 = {
						CreatedOnToolsVersion = 9.2;
						ProvisioningStyle = Automatic;
						TestTargetID = 102240951FE78101005AA5F8;
					};
					102240B41FE78101005AA5F8 = {
						CreatedOnToolsVersion = 9.2;
						ProvisioningStyle = Automatic;
						TestTargetID = 102240951FE78101005AA5F8;
					};
				};
			};
			buildConfigurationList = 102240911FE78100005AA5F8 /* Build configuration list for PBXProject "RouletteWheelGame" */;
			compatibilityVersion = "Xcode 8.0";
			developmentRegion = en;
			hasScannedForEncodings = 0;
			knownRegions = (
				en,
				Base,
			);
			mainGroup = 1022408D1FE78100005AA5F8;
			productRefGroup = 102240971FE78101005AA5F8 /* Products */;
			projectDirPath = "";
			projectRoot = "";
			targets = (
				102240951FE78101005AA5F8 /* RouletteWheelGame */,
				102240A91FE78101005AA5F8 /* RouletteWheelGameTests */,
				102240B41FE78101005AA5F8 /* RouletteWheelGameUITests */,
			);
		};
/* End PBXProject section */

/* Begin PBXResourcesBuildPhase section */
		102240941FE78101005AA5F8 /* Resources */ = {
			isa = PBXResourcesBuildPhase;
			buildActionMask = 2147483647;
			files = (
				102240D71FE7A01B005AA5F8 /* Main.storyboard in Resources */,
				102240A11FE78101005AA5F8 /* Assets.xcassets in Resources */,
				102240D61FE7A01B005AA5F8 /* LaunchScreen.storyboard in Resources */,
			);
			runOnlyForDeploymentPostprocessing = 0;
		};
		102240A81FE78101005AA5F8 /* Resources */ = {
			isa = PBXResourcesBuildPhase;
			buildActionMask = 2147483647;
			files = (
			);
			runOnlyForDeploymentPostprocessing = 0;
		};
		102240B31FE78101005AA5F8 /* Resources */ = {
			isa = PBXResourcesBuildPhase;
			buildActionMask = 2147483647;
			files = (
			);
			runOnlyForDeploymentPostprocessing = 0;
		};
/* End PBXResourcesBuildPhase section */

/* Begin PBXSourcesBuildPhase section */
		102240921FE78101005AA5F8 /* Sources */ = {
			isa = PBXSourcesBuildPhase;
			buildActionMask = 2147483647;
			files = (
				102240D41FE7A01B005AA5F8 /* AppDelegate.swift in Sources */,
				102240DB1FE7DC04005AA5F8 /* ButtonPiece.swift in Sources */,
				102240E61FE7DD2B005AA5F8 /* VectorHelp.swift in Sources */,
				102240E51FE7DD2B005AA5F8 /* ButtonViewBuilder.swift in Sources */,
				102240DD1FE7DC0B005AA5F8 /* ButtonWheel.swift in Sources */,
				102240E71FE7DD2B005AA5F8 /* TouchManagement.swift in Sources */,
				102240E01FE7DD07005AA5F8 /* Enums.swift in Sources */,
				102240E11FE7DD07005AA5F8 /* UsefulExtensions.swift in Sources */,
				102240D31FE7A01B005AA5F8 /* WheelVC.swift in Sources */,
				10BDCF2F1FEA4E1100FA49CF /* CreateWheel.swift in Sources */,
			);
			runOnlyForDeploymentPostprocessing = 0;
		};
		102240A61FE78101005AA5F8 /* Sources */ = {
			isa = PBXSourcesBuildPhase;
			buildActionMask = 2147483647;
			files = (
				102240AF1FE78101005AA5F8 /* RouletteWheelTests.swift in Sources */,
			);
			runOnlyForDeploymentPostprocessing = 0;
		};
		102240B11FE78101005AA5F8 /* Sources */ = {
			isa = PBXSourcesBuildPhase;
			buildActionMask = 2147483647;
			files = (
				102240BA1FE78101005AA5F8 /* RouletteWheelUITests.swift in Sources */,
			);
			runOnlyForDeploymentPostprocessing = 0;
		};
/* End PBXSourcesBuildPhase section */

/* Begin PBXTargetDependency section */
		102240AC1FE78101005AA5F8 /* PBXTargetDependency */ = {
			isa = PBXTargetDependency;
			target = 102240951FE78101005AA5F8 /* RouletteWheelGame */;
			targetProxy = 102240AB1FE78101005AA5F8 /* PBXContainerItemProxy */;
		};
		102240B71FE78101005AA5F8 /* PBXTargetDependency */ = {
			isa = PBXTargetDependency;
			target = 102240951FE78101005AA5F8 /* RouletteWheelGame */;
			targetProxy = 102240B61FE78101005AA5F8 /* PBXContainerItemProxy */;
		};
/* End PBXTargetDependency section */

/* Begin XCBuildConfiguration section */
		102240BC1FE78101005AA5F8 /* Debug */ = {
			isa = XCBuildConfiguration;
			buildSettings = {
				ALWAYS_SEARCH_USER_PATHS = NO;
				CLANG_ANALYZER_NONNULL = YES;
				CLANG_ANALYZER_NUMBER_OBJECT_CONVERSION = YES_AGGRESSIVE;
				CLANG_CXX_LANGUAGE_STANDARD = "gnu++14";
				CLANG_CXX_LIBRARY = "libc++";
				CLANG_ENABLE_MODULES = YES;
				CLANG_ENABLE_OBJC_ARC = YES;
				CLANG_WARN_BLOCK_CAPTURE_AUTORELEASING = YES;
				CLANG_WARN_BOOL_CONVERSION = YES;
				CLANG_WARN_COMMA = YES;
				CLANG_WARN_CONSTANT_CONVERSION = YES;
				CLANG_WARN_DIRECT_OBJC_ISA_USAGE = YES_ERROR;
				CLANG_WARN_DOCUMENTATION_COMMENTS = YES;
				CLANG_WARN_EMPTY_BODY = YES;
				CLANG_WARN_ENUM_CONVERSION = YES;
				CLANG_WARN_INFINITE_RECURSION = YES;
				CLANG_WARN_INT_CONVERSION = YES;
				CLANG_WARN_NON_LITERAL_NULL_CONVERSION = YES;
				CLANG_WARN_OBJC_LITERAL_CONVERSION = YES;
				CLANG_WARN_OBJC_ROOT_CLASS = YES_ERROR;
				CLANG_WARN_RANGE_LOOP_ANALYSIS = YES;
				CLANG_WARN_STRICT_PROTOTYPES = YES;
				CLANG_WARN_SUSPICIOUS_MOVE = YES;
				CLANG_WARN_UNGUARDED_AVAILABILITY = YES_AGGRESSIVE;
				CLANG_WARN_UNREACHABLE_CODE = YES;
				CLANG_WARN__DUPLICATE_METHOD_MATCH = YES;
				CODE_SIGN_IDENTITY = "iPhone Developer";
				COPY_PHASE_STRIP = NO;
				DEBUG_INFORMATION_FORMAT = dwarf;
				ENABLE_STRICT_OBJC_MSGSEND = YES;
				ENABLE_TESTABILITY = YES;
				GCC_C_LANGUAGE_STANDARD = gnu11;
				GCC_DYNAMIC_NO_PIC = NO;
				GCC_NO_COMMON_BLOCKS = YES;
				GCC_OPTIMIZATION_LEVEL = 0;
				GCC_PREPROCESSOR_DEFINITIONS = (
					"DEBUG=1",
					"$(inherited)",
				);
				GCC_WARN_64_TO_32_BIT_CONVERSION = YES;
				GCC_WARN_ABOUT_RETURN_TYPE = YES_ERROR;
				GCC_WARN_UNDECLARED_SELECTOR = YES;
				GCC_WARN_UNINITIALIZED_AUTOS = YES_AGGRESSIVE;
				GCC_WARN_UNUSED_FUNCTION = YES;
				GCC_WARN_UNUSED_VARIABLE = YES;
				IPHONEOS_DEPLOYMENT_TARGET = 11.0;
				MTL_ENABLE_DEBUG_INFO = YES;
				ONLY_ACTIVE_ARCH = YES;
				SDKROOT = iphoneos;
				SWIFT_ACTIVE_COMPILATION_CONDITIONS = DEBUG;
				SWIFT_OPTIMIZATION_LEVEL = "-Onone";
			};
			name = Debug;
		};
		102240BD1FE78101005AA5F8 /* Release */ = {
			isa = XCBuildConfiguration;
			buildSettings = {
				ALWAYS_SEARCH_USER_PATHS = NO;
				CLANG_ANALYZER_NONNULL = YES;
				CLANG_ANALYZER_NUMBER_OBJECT_CONVERSION = YES_AGGRESSIVE;
				CLANG_CXX_LANGUAGE_STANDARD = "gnu++14";
				CLANG_CXX_LIBRARY = "libc++";
				CLANG_ENABLE_MODULES = YES;
				CLANG_ENABLE_OBJC_ARC = YES;
				CLANG_WARN_BLOCK_CAPTURE_AUTORELEASING = YES;
				CLANG_WARN_BOOL_CONVERSION = YES;
				CLANG_WARN_COMMA = YES;
				CLANG_WARN_CONSTANT_CONVERSION = YES;
				CLANG_WARN_DIRECT_OBJC_ISA_USAGE = YES_ERROR;
				CLANG_WARN_DOCUMENTATION_COMMENTS = YES;
				CLANG_WARN_EMPTY_BODY = YES;
				CLANG_WARN_ENUM_CONVERSION = YES;
				CLANG_WARN_INFINITE_RECURSION = YES;
				CLANG_WARN_INT_CONVERSION = YES;
				CLANG_WARN_NON_LITERAL_NULL_CONVERSION = YES;
				CLANG_WARN_OBJC_LITERAL_CONVERSION = YES;
				CLANG_WARN_OBJC_ROOT_CLASS = YES_ERROR;
				CLANG_WARN_RANGE_LOOP_ANALYSIS = YES;
				CLANG_WARN_STRICT_PROTOTYPES = YES;
				CLANG_WARN_SUSPICIOUS_MOVE = YES;
				CLANG_WARN_UNGUARDED_AVAILABILITY = YES_AGGRESSIVE;
				CLANG_WARN_UNREACHABLE_CODE = YES;
				CLANG_WARN__DUPLICATE_METHOD_MATCH = YES;
				CODE_SIGN_IDENTITY = "iPhone Developer";
				COPY_PHASE_STRIP = NO;
				DEBUG_INFORMATION_FORMAT = "dwarf-with-dsym";
				ENABLE_NS_ASSERTIONS = NO;
				ENABLE_STRICT_OBJC_MSGSEND = YES;
				GCC_C_LANGUAGE_STANDARD = gnu11;
				GCC_NO_COMMON_BLOCKS = YES;
				GCC_WARN_64_TO_32_BIT_CONVERSION = YES;
				GCC_WARN_ABOUT_RETURN_TYPE = YES_ERROR;
				GCC_WARN_UNDECLARED_SELECTOR = YES;
				GCC_WARN_UNINITIALIZED_AUTOS = YES_AGGRESSIVE;
				GCC_WARN_UNUSED_FUNCTION = YES;
				GCC_WARN_UNUSED_VARIABLE = YES;
				IPHONEOS_DEPLOYMENT_TARGET = 11.0;
				MTL_ENABLE_DEBUG_INFO = NO;
				SDKROOT = iphoneos;
				SWIFT_OPTIMIZATION_LEVEL = "-Owholemodule";
				VALIDATE_PRODUCT = YES;
			};
			name = Release;
		};
		102240BF1FE78101005AA5F8 /* Debug */ = {
			isa = XCBuildConfiguration;
			buildSettings = {
				ASSETCATALOG_COMPILER_APPICON_NAME = AppIcon;
				"CODE_SIGN_IDENTITY[sdk=iphoneos*]" = "iPhone Developer";
				CODE_SIGN_STYLE = Automatic;
				DEVELOPMENT_TEAM = BS3Y5U8GJB;
				INFOPLIST_FILE = RouletteWheel/Info.plist;
				IPHONEOS_DEPLOYMENT_TARGET = 9.3;
				LD_RUNPATH_SEARCH_PATHS = "$(inherited) @executable_path/Frameworks";
				PRODUCT_BUNDLE_IDENTIFIER = com.app.rouletttewheel;
				PRODUCT_NAME = "$(TARGET_NAME)";
				PROVISIONING_PROFILE_SPECIFIER = "";
				SWIFT_VERSION = 4.0;
				TARGETED_DEVICE_FAMILY = "1,2";
			};
			name = Debug;
		};
		102240C01FE78101005AA5F8 /* Release */ = {
			isa = XCBuildConfiguration;
			buildSettings = {
				ASSETCATALOG_COMPILER_APPICON_NAME = AppIcon;
				"CODE_SIGN_IDENTITY[sdk=iphoneos*]" = "iPhone Developer";
				CODE_SIGN_STYLE = Automatic;
				DEVELOPMENT_TEAM = BS3Y5U8GJB;
				INFOPLIST_FILE = RouletteWheel/Info.plist;
				IPHONEOS_DEPLOYMENT_TARGET = 9.3;
				LD_RUNPATH_SEARCH_PATHS = "$(inherited) @executable_path/Frameworks";
				PRODUCT_BUNDLE_IDENTIFIER = com.app.rouletttewheel;
				PRODUCT_NAME = "$(TARGET_NAME)";
				PROVISIONING_PROFILE_SPECIFIER = "";
				SWIFT_VERSION = 4.0;
				TARGETED_DEVICE_FAMILY = "1,2";
			};
			name = Release;
		};
		102240C21FE78101005AA5F8 /* Debug */ = {
			isa = XCBuildConfiguration;
			buildSettings = {
				ALWAYS_EMBED_SWIFT_STANDARD_LIBRARIES = YES;
				BUNDLE_LOADER = "$(TEST_HOST)";
				CODE_SIGN_STYLE = Automatic;
				INFOPLIST_FILE = RouletteWheelTests/Info.plist;
				LD_RUNPATH_SEARCH_PATHS = "$(inherited) @executable_path/Frameworks @loader_path/Frameworks";
				PRODUCT_BUNDLE_IDENTIFIER = Codebrew.RouletteWheelTests;
				PRODUCT_NAME = "$(TARGET_NAME)";
				SWIFT_VERSION = 4.0;
				TARGETED_DEVICE_FAMILY = "1,2";
				TEST_HOST = "$(BUILT_PRODUCTS_DIR)/RouletteWheelGame.app/RouletteWheelGame";
			};
			name = Debug;
		};
		102240C31FE78101005AA5F8 /* Release */ = {
			isa = XCBuildConfiguration;
			buildSettings = {
				ALWAYS_EMBED_SWIFT_STANDARD_LIBRARIES = YES;
				BUNDLE_LOADER = "$(TEST_HOST)";
				CODE_SIGN_STYLE = Automatic;
				INFOPLIST_FILE = RouletteWheelTests/Info.plist;
				LD_RUNPATH_SEARCH_PATHS = "$(inherited) @executable_path/Frameworks @loader_path/Frameworks";
				PRODUCT_BUNDLE_IDENTIFIER = Codebrew.RouletteWheelTests;
				PRODUCT_NAME = "$(TARGET_NAME)";
				SWIFT_VERSION = 4.0;
				TARGETED_DEVICE_FAMILY = "1,2";
				TEST_HOST = "$(BUILT_PRODUCTS_DIR)/RouletteWheelGame.app/RouletteWheelGame";
			};
			name = Release;
		};
		102240C51FE78101005AA5F8 /* Debug */ = {
			isa = XCBuildConfiguration;
			buildSettings = {
				ALWAYS_EMBED_SWIFT_STANDARD_LIBRARIES = YES;
				CODE_SIGN_STYLE = Automatic;
				INFOPLIST_FILE = RouletteWheelUITests/Info.plist;
				LD_RUNPATH_SEARCH_PATHS = "$(inherited) @executable_path/Frameworks @loader_path/Frameworks";
				PRODUCT_BUNDLE_IDENTIFIER = Codebrew.RouletteWheelUITests;
				PRODUCT_NAME = "$(TARGET_NAME)";
				SWIFT_VERSION = 4.0;
				TARGETED_DEVICE_FAMILY = "1,2";
				TEST_TARGET_NAME = RouletteWheel;
			};
			name = Debug;
		};
		102240C61FE78101005AA5F8 /* Release */ = {
			isa = XCBuildConfiguration;
			buildSettings = {
				ALWAYS_EMBED_SWIFT_STANDARD_LIBRARIES = YES;
				CODE_SIGN_STYLE = Automatic;
				INFOPLIST_FILE = RouletteWheelUITests/Info.plist;
				LD_RUNPATH_SEARCH_PATHS = "$(inherited) @executable_path/Frameworks @loader_path/Frameworks";
				PRODUCT_BUNDLE_IDENTIFIER = Codebrew.RouletteWheelUITests;
				PRODUCT_NAME = "$(TARGET_NAME)";
				SWIFT_VERSION = 4.0;
				TARGETED_DEVICE_FAMILY = "1,2";
				TEST_TARGET_NAME = RouletteWheel;
			};
			name = Release;
		};
/* End XCBuildConfiguration section */

/* Begin XCConfigurationList section */
		102240911FE78100005AA5F8 /* Build configuration list for PBXProject "RouletteWheelGame" */ = {
			isa = XCConfigurationList;
			buildConfigurations = (
				102240BC1FE78101005AA5F8 /* Debug */,
				102240BD1FE78101005AA5F8 /* Release */,
			);
			defaultConfigurationIsVisible = 0;
			defaultConfigurationName = Release;
		};
		102240BE1FE78101005AA5F8 /* Build configuration list for PBXNativeTarget "RouletteWheelGame" */ = {
			isa = XCConfigurationList;
			buildConfigurations = (
				102240BF1FE78101005AA5F8 /* Debug */,
				102240C01FE78101005AA5F8 /* Release */,
			);
			defaultConfigurationIsVisible = 0;
			defaultConfigurationName = Release;
		};
		102240C11FE78101005AA5F8 /* Build configuration list for PBXNativeTarget "RouletteWheelGameTests" */ = {
			isa = XCConfigurationList;
			buildConfigurations = (
				102240C21FE78101005AA5F8 /* Debug */,
				102240C31FE78101005AA5F8 /* Release */,
			);
			defaultConfigurationIsVisible = 0;
			defaultConfigurationName = Release;
		};
		102240C41FE78101005AA5F8 /* Build configuration list for PBXNativeTarget "RouletteWheelGameUITests" */ = {
			isa = XCConfigurationList;
			buildConfigurations = (
				102240C51FE78101005AA5F8 /* Debug */,
				102240C61FE78101005AA5F8 /* Release */,
			);
			defaultConfigurationIsVisible = 0;
			defaultConfigurationName = Release;
		};
/* End XCConfigurationList section */
	};
	rootObject = 1022408E1FE78100005AA5F8 /* Project object */;
}
